
Microsoft Visual Studio Solution File, Format Version 12.00
# Visual Studio 15
VisualStudioVersion = 15.0.26228.12
MinimumVisualStudioVersion = 10.0.40219.1
Project("{9A19103F-16F7-4668-BE54-9A1E7A4F7556}") = "RDS.CaraBus.RabbitMQ", "src\RDS.CaraBus.RabbitMQ\RDS.CaraBus.RabbitMQ.csproj", "{DCCA7D27-1BB4-46F0-BDA2-1281D1016420}"
EndProject
Project("{9A19103F-16F7-4668-BE54-9A1E7A4F7556}") = "RDS.CaraBus.RabbitMQ.Tests.Integration", "test\RDS.CaraBus.RabbitMQ.Tests.Integration\RDS.CaraBus.RabbitMQ.Tests.Integration.csproj", "{A921F5DF-8940-4199-8281-F116918EBD13}"
EndProject
Project("{9A19103F-16F7-4668-BE54-9A1E7A4F7556}") = "RDS.CaraBus.RabbitMQ.Sample", "sample\RDS.CaraBus.RabbitMQ.Sample\RDS.CaraBus.RabbitMQ.Sample.csproj", "{059210E9-22D4-4355-810F-08B35DF04FCD}"
EndProject
Project("{9A19103F-16F7-4668-BE54-9A1E7A4F7556}") = "RDS.CaraBus", "src\RDS.CaraBus\RDS.CaraBus.csproj", "{E4E0BB3C-704A-4C92-89CC-61D073C9439C}"
EndProject
Project("{9A19103F-16F7-4668-BE54-9A1E7A4F7556}") = "RDS.CaraBus.RabbitMQ.Tests.Unit", "test\RDS.CaraBus.RabbitMQ.Tests.Unit\RDS.CaraBus.RabbitMQ.Tests.Unit.csproj", "{5D1C09DD-CB97-4693-9FCE-188D4F6F42AE}"
EndProject
Project("{9A19103F-16F7-4668-BE54-9A1E7A4F7556}") = "RDS.CaraBus.Tests.Integration", "test\RDS.CaraBus.Tests.Integration\RDS.CaraBus.Tests.Integration.csproj", "{A877EEAE-179D-4B57-90E7-670226C63D49}"
EndProject
Project("{9A19103F-16F7-4668-BE54-9A1E7A4F7556}") = "RDS.CaraBus.Tests.Unit", "test\RDS.CaraBus.Tests.Unit\RDS.CaraBus.Tests.Unit.csproj", "{0F05F704-E6CA-4600-AD3F-B3261008D796}"
EndProject
Project("{2150E333-8FDC-42A3-9474-1A3956D46DE8}") = "Solution Items", "Solution Items", "{E4349D24-7845-4FC3-92AB-16C3BA29BBA8}"
	ProjectSection(SolutionItems) = preProject
		LICENSE = LICENSE
		README.md = README.md
		version.props = version.props
	EndProjectSection
EndProject
Project("{FAE04EC0-301F-11D3-BF4B-00C04F79EFBC}") = "RDS.CaraBus.InMemory", "src\RDS.CaraBus.InMemory\RDS.CaraBus.InMemory.csproj", "{1AD4C184-C561-4D87-803B-6AB34E82F5C4}"
EndProject
Project("{FAE04EC0-301F-11D3-BF4B-00C04F79EFBC}") = "RDS.CaraBus.InMemory.Tests.Unit", "test\RDS.CaraBus.InMemory.Tests.Unit\RDS.CaraBus.InMemory.Tests.Unit.csproj", "{41CB6C62-0FBB-4E73-AEA9-E12740DF916D}"
EndProject
Project("{FAE04EC0-301F-11D3-BF4B-00C04F79EFBC}") = "RDS.CaraBus.InMemory.Tests.Integration", "test\RDS.CaraBus.InMemory.Tests.Integration\RDS.CaraBus.InMemory.Tests.Integration.csproj", "{8376DC50-E374-46B1-A480-FA079B6ABD3B}"
EndProject
Project("{2150E333-8FDC-42A3-9474-1A3956D46DE8}") = "Build", "Build", "{4E7ED7BE-0E39-40D8-8FDC-D381735C3032}"
	ProjectSection(SolutionItems) = preProject
		appveyor.yml = appveyor.yml
		build\common.props = build\common.props
		build\pack.ps1 = build\pack.ps1
	EndProjectSection
EndProject
Global
	GlobalSection(SolutionConfigurationPlatforms) = preSolution
		Debug|Any CPU = Debug|Any CPU
		Release|Any CPU = Release|Any CPU
	EndGlobalSection
	GlobalSection(ProjectConfigurationPlatforms) = postSolution
		{DCCA7D27-1BB4-46F0-BDA2-1281D1016420}.Debug|Any CPU.ActiveCfg = Debug|Any CPU
		{DCCA7D27-1BB4-46F0-BDA2-1281D1016420}.Debug|Any CPU.Build.0 = Debug|Any CPU
		{DCCA7D27-1BB4-46F0-BDA2-1281D1016420}.Release|Any CPU.ActiveCfg = Release|Any CPU
		{DCCA7D27-1BB4-46F0-BDA2-1281D1016420}.Release|Any CPU.Build.0 = Release|Any CPU
		{A921F5DF-8940-4199-8281-F116918EBD13}.Debug|Any CPU.ActiveCfg = Debug|Any CPU
		{A921F5DF-8940-4199-8281-F116918EBD13}.Debug|Any CPU.Build.0 = Debug|Any CPU
		{A921F5DF-8940-4199-8281-F116918EBD13}.Release|Any CPU.ActiveCfg = Release|Any CPU
		{A921F5DF-8940-4199-8281-F116918EBD13}.Release|Any CPU.Build.0 = Release|Any CPU
		{059210E9-22D4-4355-810F-08B35DF04FCD}.Debug|Any CPU.ActiveCfg = Debug|Any CPU
		{059210E9-22D4-4355-810F-08B35DF04FCD}.Debug|Any CPU.Build.0 = Debug|Any CPU
		{059210E9-22D4-4355-810F-08B35DF04FCD}.Release|Any CPU.ActiveCfg = Release|Any CPU
		{059210E9-22D4-4355-810F-08B35DF04FCD}.Release|Any CPU.Build.0 = Release|Any CPU
		{E4E0BB3C-704A-4C92-89CC-61D073C9439C}.Debug|Any CPU.ActiveCfg = Debug|Any CPU
		{E4E0BB3C-704A-4C92-89CC-61D073C9439C}.Debug|Any CPU.Build.0 = Debug|Any CPU
		{E4E0BB3C-704A-4C92-89CC-61D073C9439C}.Release|Any CPU.ActiveCfg = Release|Any CPU
		{E4E0BB3C-704A-4C92-89CC-61D073C9439C}.Release|Any CPU.Build.0 = Release|Any CPU
		{5D1C09DD-CB97-4693-9FCE-188D4F6F42AE}.Debug|Any CPU.ActiveCfg = Debug|Any CPU
		{5D1C09DD-CB97-4693-9FCE-188D4F6F42AE}.Debug|Any CPU.Build.0 = Debug|Any CPU
		{5D1C09DD-CB97-4693-9FCE-188D4F6F42AE}.Release|Any CPU.ActiveCfg = Release|Any CPU
		{5D1C09DD-CB97-4693-9FCE-188D4F6F42AE}.Release|Any CPU.Build.0 = Release|Any CPU
		{A877EEAE-179D-4B57-90E7-670226C63D49}.Debug|Any CPU.ActiveCfg = Debug|Any CPU
		{A877EEAE-179D-4B57-90E7-670226C63D49}.Debug|Any CPU.Build.0 = Debug|Any CPU
		{A877EEAE-179D-4B57-90E7-670226C63D49}.Release|Any CPU.ActiveCfg = Release|Any CPU
		{A877EEAE-179D-4B57-90E7-670226C63D49}.Release|Any CPU.Build.0 = Release|Any CPU
		{0F05F704-E6CA-4600-AD3F-B3261008D796}.Debug|Any CPU.ActiveCfg = Debug|Any CPU
		{0F05F704-E6CA-4600-AD3F-B3261008D796}.Debug|Any CPU.Build.0 = Debug|Any CPU
		{0F05F704-E6CA-4600-AD3F-B3261008D796}.Release|Any CPU.ActiveCfg = Release|Any CPU
		{0F05F704-E6CA-4600-AD3F-B3261008D796}.Release|Any CPU.Build.0 = Release|Any CPU
		{1AD4C184-C561-4D87-803B-6AB34E82F5C4}.Debug|Any CPU.ActiveCfg = Debug|Any CPU
		{1AD4C184-C561-4D87-803B-6AB34E82F5C4}.Debug|Any CPU.Build.0 = Debug|Any CPU
		{1AD4C184-C561-4D87-803B-6AB34E82F5C4}.Release|Any CPU.ActiveCfg = Release|Any CPU
		{1AD4C184-C561-4D87-803B-6AB34E82F5C4}.Release|Any CPU.Build.0 = Release|Any CPU
		{41CB6C62-0FBB-4E73-AEA9-E12740DF916D}.Debug|Any CPU.ActiveCfg = Debug|Any CPU
		{41CB6C62-0FBB-4E73-AEA9-E12740DF916D}.Debug|Any CPU.Build.0 = Debug|Any CPU
		{41CB6C62-0FBB-4E73-AEA9-E12740DF916D}.Release|Any CPU.ActiveCfg = Release|Any CPU
		{41CB6C62-0FBB-4E73-AEA9-E12740DF916D}.Release|Any CPU.Build.0 = Release|Any CPU
		{8376DC50-E374-46B1-A480-FA079B6ABD3B}.Debug|Any CPU.ActiveCfg = Debug|Any CPU
		{8376DC50-E374-46B1-A480-FA079B6ABD3B}.Debug|Any CPU.Build.0 = Debug|Any CPU
		{8376DC50-E374-46B1-A480-FA079B6ABD3B}.Release|Any CPU.ActiveCfg = Release|Any CPU
		{8376DC50-E374-46B1-A480-FA079B6ABD3B}.Release|Any CPU.Build.0 = Release|Any CPU
	EndGlobalSection
	GlobalSection(SolutionProperties) = preSolution
		HideSolutionNode = FALSE
	EndGlobalSection
	GlobalSection(NestedProjects) = preSolution
		{4E7ED7BE-0E39-40D8-8FDC-D381735C3032} = {E4349D24-7845-4FC3-92AB-16C3BA29BBA8}
	EndGlobalSection
EndGlobal
